
Microsoft Visual Studio Solution File, Format Version 12.00
# Visual Studio 15
VisualStudioVersion = 15.0.28307.1209
MinimumVisualStudioVersion = 10.0.40219.1
Project("{8BC9CEB8-8B4A-11D0-8D11-00A0C91BC942}") = "OpenGB", "OpenGB\OpenGB.vcxproj", "{AB34AD4A-5604-4EC4-AB18-460A5408520E}"
EndProject
Global
	GlobalSection(SolutionConfigurationPlatforms) = preSolution
		Debug|x64 = Debug|x64
		Debug|x86 = Debug|x86
		Release|x64 = Release|x64
		Release|x86 = Release|x86
	EndGlobalSection
	GlobalSection(ProjectConfigurationPlatforms) = postSolution
		{AB34AD4A-5604-4EC4-AB18-460A5408520E}.Debug|x64.ActiveCfg = Debug|x64
		{AB34AD4A-5604-4EC4-AB18-460A5408520E}.Debug|x64.Build.0 = Debug|x64
		{AB34AD4A-5604-4EC4-AB18-460A5408520E}.Debug|x86.ActiveCfg = Debug|Win32
		{AB34AD4A-5604-4EC4-AB18-460A5408520E}.Debug|x86.Build.0 = Debug|Win32
		{AB34AD4A-5604-4EC4-AB18-460A5408520E}.Release|x64.ActiveCfg = Release|x64
		{AB34AD4A-5604-4EC4-AB18-460A5408520E}.Release|x64.Build.0 = Release|x64
		{AB34AD4A-5604-4EC4-AB18-460A5408520E}.Release|x86.ActiveCfg = Release|Win32
		{AB34AD4A-5604-4EC4-AB18-460A5408520E}.Release|x86.Build.0 = Release|Win32
	EndGlobalSection
	GlobalSection(SolutionProperties) = preSolution
		HideSolutionNode = FALSE
	EndGlobalSection
	GlobalSection(ExtensibilityGlobals) = postSolution
		SolutionGuid = {FD0E48AD-3FEB-470C-BD08-CDD251CC0D3F}
	EndGlobalSection
EndGlobal
